
Microsoft Visual Studio Solution File, Format Version 12.00
Project("{2150E333-8FDC-42A3-9474-1A3956D46DE8}") = "Solution Items", "Solution Items", "{52C35FFD-446F-4E47-9E0A-2B9875A9F045}"
	ProjectSection(SolutionItems) = preProject
		compose.yaml = compose.yaml
	EndProjectSection
EndProject
Project("{2150E333-8FDC-42A3-9474-1A3956D46DE8}") = "PHP", "PHP", "{33561B9D-2375-486B-B470-7B7831FA916C}"
EndProject
Project("{2150E333-8FDC-42A3-9474-1A3956D46DE8}") = "Csharp", "Csharp", "{D7A8B1A9-1012-4474-9EC1-FA228116D3F8}"
EndProject
Project("{FAE04EC0-301F-11D3-BF4B-00C04F79EFBC}") = "User.Infrastructure", "UserService\User.Infrastructure\User.Infrastructure.csproj", "{C2B24E0C-06F6-4162-B78E-4E69220F91DA}"
EndProject
Project("{FAE04EC0-301F-11D3-BF4B-00C04F79EFBC}") = "User.UI.Api", "UserService\User.UI.Api\User.UI.Api.csproj", "{71ECF87F-D86D-478F-8A1F-1F2014A06B41}"
EndProject
Project("{FAE04EC0-301F-11D3-BF4B-00C04F79EFBC}") = "User.Application", "UserService\User.Application\User.Application.csproj", "{2149067A-222E-406E-9EBF-C161C7F043E1}"
EndProject
Project("{FAE04EC0-301F-11D3-BF4B-00C04F79EFBC}") = "User.Domain", "UserService\User.Domain\User.Domain.csproj", "{96111913-4010-4EC8-9020-35FA689E4A2C}"
EndProject
Project("{2150E333-8FDC-42A3-9474-1A3956D46DE8}") = "User", "User", "{75DCF321-4326-43A1-8B3D-C8D001F60EDF}"
EndProject
Project("{FAE04EC0-301F-11D3-BF4B-00C04F79EFBC}") = "User.Tests", "User.Tests\User.Tests.csproj", "{F427D5A7-C509-4CB0-84D6-215F36471975}"
EndProject
Project("{2150E333-8FDC-42A3-9474-1A3956D46DE8}") = "PublicWorkout", "PublicWorkout", "{A9FD54B1-874E-469E-9AF7-2B1D1F7A8A52}"
EndProject
Project("{FAE04EC0-301F-11D3-BF4B-00C04F79EFBC}") = "PublicWorkout.Application", "PublicWorkout\PublicWorkout.Application\PublicWorkout.Application.csproj", "{5F942038-B2EA-4493-AD68-CEBA4E7441B0}"
EndProject
Project("{FAE04EC0-301F-11D3-BF4B-00C04F79EFBC}") = "PublicWorkout.Domain", "PublicWorkout\PublicWorkout.Domain\PublicWorkout.Domain.csproj", "{FA39757D-68AB-4F0C-AE0E-FCA9CDDC2595}"
EndProject
Project("{FAE04EC0-301F-11D3-BF4B-00C04F79EFBC}") = "PublicWorkout.Infrastructure", "PublicWorkout\PublicWorkout.Infrastructure\PublicWorkout.Infrastructure.csproj", "{386C4D02-182D-4F83-ADDD-A99545C4E16D}"
EndProject
Project("{FAE04EC0-301F-11D3-BF4B-00C04F79EFBC}") = "PublicWorkout.UI.Api", "PublicWorkout\PublicWorkout.UI.Api\PublicWorkout.UI.Api.csproj", "{0024D044-766C-48D5-961A-28D297381BC4}"
EndProject
Project("{FAE04EC0-301F-11D3-BF4B-00C04F79EFBC}") = "PublicWorkout.Tests", "PublicWorkout.Tests\PublicWorkout.Tests.csproj", "{F8285043-8C16-4658-B1B6-7AA23711B44D}"
EndProject
Global
	GlobalSection(SolutionConfigurationPlatforms) = preSolution
		Debug|Any CPU = Debug|Any CPU
		Release|Any CPU = Release|Any CPU
	EndGlobalSection
	GlobalSection(ProjectConfigurationPlatforms) = postSolution
		{C2B24E0C-06F6-4162-B78E-4E69220F91DA}.Debug|Any CPU.ActiveCfg = Debug|Any CPU
		{C2B24E0C-06F6-4162-B78E-4E69220F91DA}.Debug|Any CPU.Build.0 = Debug|Any CPU
		{C2B24E0C-06F6-4162-B78E-4E69220F91DA}.Release|Any CPU.ActiveCfg = Release|Any CPU
		{C2B24E0C-06F6-4162-B78E-4E69220F91DA}.Release|Any CPU.Build.0 = Release|Any CPU
		{71ECF87F-D86D-478F-8A1F-1F2014A06B41}.Debug|Any CPU.ActiveCfg = Debug|Any CPU
		{71ECF87F-D86D-478F-8A1F-1F2014A06B41}.Debug|Any CPU.Build.0 = Debug|Any CPU
		{71ECF87F-D86D-478F-8A1F-1F2014A06B41}.Release|Any CPU.ActiveCfg = Release|Any CPU
		{71ECF87F-D86D-478F-8A1F-1F2014A06B41}.Release|Any CPU.Build.0 = Release|Any CPU
		{2149067A-222E-406E-9EBF-C161C7F043E1}.Debug|Any CPU.ActiveCfg = Debug|Any CPU
		{2149067A-222E-406E-9EBF-C161C7F043E1}.Debug|Any CPU.Build.0 = Debug|Any CPU
		{2149067A-222E-406E-9EBF-C161C7F043E1}.Release|Any CPU.ActiveCfg = Release|Any CPU
		{2149067A-222E-406E-9EBF-C161C7F043E1}.Release|Any CPU.Build.0 = Release|Any CPU
		{96111913-4010-4EC8-9020-35FA689E4A2C}.Debug|Any CPU.ActiveCfg = Debug|Any CPU
		{96111913-4010-4EC8-9020-35FA689E4A2C}.Debug|Any CPU.Build.0 = Debug|Any CPU
		{96111913-4010-4EC8-9020-35FA689E4A2C}.Release|Any CPU.ActiveCfg = Release|Any CPU
		{96111913-4010-4EC8-9020-35FA689E4A2C}.Release|Any CPU.Build.0 = Release|Any CPU
		{F427D5A7-C509-4CB0-84D6-215F36471975}.Debug|Any CPU.ActiveCfg = Debug|Any CPU
		{F427D5A7-C509-4CB0-84D6-215F36471975}.Debug|Any CPU.Build.0 = Debug|Any CPU
		{F427D5A7-C509-4CB0-84D6-215F36471975}.Release|Any CPU.ActiveCfg = Release|Any CPU
		{F427D5A7-C509-4CB0-84D6-215F36471975}.Release|Any CPU.Build.0 = Release|Any CPU
		{5F942038-B2EA-4493-AD68-CEBA4E7441B0}.Debug|Any CPU.ActiveCfg = Debug|Any CPU
		{5F942038-B2EA-4493-AD68-CEBA4E7441B0}.Debug|Any CPU.Build.0 = Debug|Any CPU
		{5F942038-B2EA-4493-AD68-CEBA4E7441B0}.Release|Any CPU.ActiveCfg = Release|Any CPU
		{5F942038-B2EA-4493-AD68-CEBA4E7441B0}.Release|Any CPU.Build.0 = Release|Any CPU
		{FA39757D-68AB-4F0C-AE0E-FCA9CDDC2595}.Debug|Any CPU.ActiveCfg = Debug|Any CPU
		{FA39757D-68AB-4F0C-AE0E-FCA9CDDC2595}.Debug|Any CPU.Build.0 = Debug|Any CPU
		{FA39757D-68AB-4F0C-AE0E-FCA9CDDC2595}.Release|Any CPU.ActiveCfg = Release|Any CPU
		{FA39757D-68AB-4F0C-AE0E-FCA9CDDC2595}.Release|Any CPU.Build.0 = Release|Any CPU
		{386C4D02-182D-4F83-ADDD-A99545C4E16D}.Debug|Any CPU.ActiveCfg = Debug|Any CPU
		{386C4D02-182D-4F83-ADDD-A99545C4E16D}.Debug|Any CPU.Build.0 = Debug|Any CPU
		{386C4D02-182D-4F83-ADDD-A99545C4E16D}.Release|Any CPU.ActiveCfg = Release|Any CPU
		{386C4D02-182D-4F83-ADDD-A99545C4E16D}.Release|Any CPU.Build.0 = Release|Any CPU
		{0024D044-766C-48D5-961A-28D297381BC4}.Debug|Any CPU.ActiveCfg = Debug|Any CPU
		{0024D044-766C-48D5-961A-28D297381BC4}.Debug|Any CPU.Build.0 = Debug|Any CPU
		{0024D044-766C-48D5-961A-28D297381BC4}.Release|Any CPU.ActiveCfg = Release|Any CPU
		{0024D044-766C-48D5-961A-28D297381BC4}.Release|Any CPU.Build.0 = Release|Any CPU
		{F8285043-8C16-4658-B1B6-7AA23711B44D}.Debug|Any CPU.ActiveCfg = Debug|Any CPU
		{F8285043-8C16-4658-B1B6-7AA23711B44D}.Debug|Any CPU.Build.0 = Debug|Any CPU
		{F8285043-8C16-4658-B1B6-7AA23711B44D}.Release|Any CPU.ActiveCfg = Release|Any CPU
		{F8285043-8C16-4658-B1B6-7AA23711B44D}.Release|Any CPU.Build.0 = Release|Any CPU
	EndGlobalSection
	GlobalSection(NestedProjects) = preSolution
		{75DCF321-4326-43A1-8B3D-C8D001F60EDF} = {D7A8B1A9-1012-4474-9EC1-FA228116D3F8}
		{2149067A-222E-406E-9EBF-C161C7F043E1} = {75DCF321-4326-43A1-8B3D-C8D001F60EDF}
		{96111913-4010-4EC8-9020-35FA689E4A2C} = {75DCF321-4326-43A1-8B3D-C8D001F60EDF}
		{C2B24E0C-06F6-4162-B78E-4E69220F91DA} = {75DCF321-4326-43A1-8B3D-C8D001F60EDF}
		{71ECF87F-D86D-478F-8A1F-1F2014A06B41} = {75DCF321-4326-43A1-8B3D-C8D001F60EDF}
		{F427D5A7-C509-4CB0-84D6-215F36471975} = {75DCF321-4326-43A1-8B3D-C8D001F60EDF}
		{A9FD54B1-874E-469E-9AF7-2B1D1F7A8A52} = {D7A8B1A9-1012-4474-9EC1-FA228116D3F8}
		{5F942038-B2EA-4493-AD68-CEBA4E7441B0} = {A9FD54B1-874E-469E-9AF7-2B1D1F7A8A52}
		{FA39757D-68AB-4F0C-AE0E-FCA9CDDC2595} = {A9FD54B1-874E-469E-9AF7-2B1D1F7A8A52}
		{386C4D02-182D-4F83-ADDD-A99545C4E16D} = {A9FD54B1-874E-469E-9AF7-2B1D1F7A8A52}
		{0024D044-766C-48D5-961A-28D297381BC4} = {A9FD54B1-874E-469E-9AF7-2B1D1F7A8A52}
		{F8285043-8C16-4658-B1B6-7AA23711B44D} = {A9FD54B1-874E-469E-9AF7-2B1D1F7A8A52}
	EndGlobalSection
EndGlobal
