
Microsoft Visual Studio Solution File, Format Version 12.00
Project("{2150E333-8FDC-42A3-9474-1A3956D46DE8}") = "Solution Items", "Solution Items", "{52C35FFD-446F-4E47-9E0A-2B9875A9F045}"
	ProjectSection(SolutionItems) = preProject
		compose.yaml = compose.yaml
	EndProjectSection
EndProject
Project("{2150E333-8FDC-42A3-9474-1A3956D46DE8}") = "PHP", "PHP", "{33561B9D-2375-486B-B470-7B7831FA916C}"
EndProject
Project("{2150E333-8FDC-42A3-9474-1A3956D46DE8}") = "Csharp", "Csharp", "{D7A8B1A9-1012-4474-9EC1-FA228116D3F8}"
EndProject
Project("{FAE04EC0-301F-11D3-BF4B-00C04F79EFBC}") = "User.Infrastructure", "UserService\User.Infrastructure\User.Infrastructure.csproj", "{C2B24E0C-06F6-4162-B78E-4E69220F91DA}"
EndProject
Project("{FAE04EC0-301F-11D3-BF4B-00C04F79EFBC}") = "User.UI.Api", "UserService\User.UI.Api\User.UI.Api.csproj", "{71ECF87F-D86D-478F-8A1F-1F2014A06B41}"
EndProject
Project("{FAE04EC0-301F-11D3-BF4B-00C04F79EFBC}") = "User.Application", "UserService\User.Application\User.Application.csproj", "{2149067A-222E-406E-9EBF-C161C7F043E1}"
EndProject
Project("{FAE04EC0-301F-11D3-BF4B-00C04F79EFBC}") = "User.Domain", "UserService\User.Domain\User.Domain.csproj", "{96111913-4010-4EC8-9020-35FA689E4A2C}"
EndProject
Project("{2150E333-8FDC-42A3-9474-1A3956D46DE8}") = "User", "User", "{75DCF321-4326-43A1-8B3D-C8D001F60EDF}"
EndProject
Project("{FAE04EC0-301F-11D3-BF4B-00C04F79EFBC}") = "PublicWorkout.Application", "PublicWorkoutService\PublicWorkout.Application\PublicWorkout.Application.csproj", "{635BDD16-F195-4E2F-806B-CD713FE8D664}"
EndProject
Project("{FAE04EC0-301F-11D3-BF4B-00C04F79EFBC}") = "PublicWorkout.UI.Api", "PublicWorkoutService\PublicWorkout.UI.Api\PublicWorkout.UI.Api.csproj", "{1A8F331B-1DC9-4558-B68D-F2B2AB0B9B3C}"
EndProject
Project("{FAE04EC0-301F-11D3-BF4B-00C04F79EFBC}") = "PublicWorkout.Domain", "PublicWorkoutService\PublicWorkout.Domain\PublicWorkout.Domain.csproj", "{4A232903-2FEF-46C8-983E-56DC1C2BD49D}"
EndProject
Project("{FAE04EC0-301F-11D3-BF4B-00C04F79EFBC}") = "PublicWorkout.Infrastructure", "PublicWorkoutService\PublicWorkout.Infrastructure\PublicWorkout.Infrastructure.csproj", "{3072D6FB-190E-4AAA-BDA8-F29A23D3209E}"
EndProject
Project("{2150E333-8FDC-42A3-9474-1A3956D46DE8}") = "PublicWorkout", "PublicWorkout", "{04FD3C3A-9FB1-46F8-AB7D-700B27BEA4B1}"
EndProject
Project("{FAE04EC0-301F-11D3-BF4B-00C04F79EFBC}") = "User.Tests", "User.Tests\User.Tests.csproj", "{F427D5A7-C509-4CB0-84D6-215F36471975}"
EndProject
Global
	GlobalSection(SolutionConfigurationPlatforms) = preSolution
		Debug|Any CPU = Debug|Any CPU
		Release|Any CPU = Release|Any CPU
	EndGlobalSection
	GlobalSection(ProjectConfigurationPlatforms) = postSolution
		{C2B24E0C-06F6-4162-B78E-4E69220F91DA}.Debug|Any CPU.ActiveCfg = Debug|Any CPU
		{C2B24E0C-06F6-4162-B78E-4E69220F91DA}.Debug|Any CPU.Build.0 = Debug|Any CPU
		{C2B24E0C-06F6-4162-B78E-4E69220F91DA}.Release|Any CPU.ActiveCfg = Release|Any CPU
		{C2B24E0C-06F6-4162-B78E-4E69220F91DA}.Release|Any CPU.Build.0 = Release|Any CPU
		{71ECF87F-D86D-478F-8A1F-1F2014A06B41}.Debug|Any CPU.ActiveCfg = Debug|Any CPU
		{71ECF87F-D86D-478F-8A1F-1F2014A06B41}.Debug|Any CPU.Build.0 = Debug|Any CPU
		{71ECF87F-D86D-478F-8A1F-1F2014A06B41}.Release|Any CPU.ActiveCfg = Release|Any CPU
		{71ECF87F-D86D-478F-8A1F-1F2014A06B41}.Release|Any CPU.Build.0 = Release|Any CPU
		{2149067A-222E-406E-9EBF-C161C7F043E1}.Debug|Any CPU.ActiveCfg = Debug|Any CPU
		{2149067A-222E-406E-9EBF-C161C7F043E1}.Debug|Any CPU.Build.0 = Debug|Any CPU
		{2149067A-222E-406E-9EBF-C161C7F043E1}.Release|Any CPU.ActiveCfg = Release|Any CPU
		{2149067A-222E-406E-9EBF-C161C7F043E1}.Release|Any CPU.Build.0 = Release|Any CPU
		{96111913-4010-4EC8-9020-35FA689E4A2C}.Debug|Any CPU.ActiveCfg = Debug|Any CPU
		{96111913-4010-4EC8-9020-35FA689E4A2C}.Debug|Any CPU.Build.0 = Debug|Any CPU
		{96111913-4010-4EC8-9020-35FA689E4A2C}.Release|Any CPU.ActiveCfg = Release|Any CPU
		{96111913-4010-4EC8-9020-35FA689E4A2C}.Release|Any CPU.Build.0 = Release|Any CPU
		{635BDD16-F195-4E2F-806B-CD713FE8D664}.Debug|Any CPU.ActiveCfg = Debug|Any CPU
		{635BDD16-F195-4E2F-806B-CD713FE8D664}.Debug|Any CPU.Build.0 = Debug|Any CPU
		{635BDD16-F195-4E2F-806B-CD713FE8D664}.Release|Any CPU.ActiveCfg = Release|Any CPU
		{635BDD16-F195-4E2F-806B-CD713FE8D664}.Release|Any CPU.Build.0 = Release|Any CPU
		{1A8F331B-1DC9-4558-B68D-F2B2AB0B9B3C}.Debug|Any CPU.ActiveCfg = Debug|Any CPU
		{1A8F331B-1DC9-4558-B68D-F2B2AB0B9B3C}.Debug|Any CPU.Build.0 = Debug|Any CPU
		{1A8F331B-1DC9-4558-B68D-F2B2AB0B9B3C}.Release|Any CPU.ActiveCfg = Release|Any CPU
		{1A8F331B-1DC9-4558-B68D-F2B2AB0B9B3C}.Release|Any CPU.Build.0 = Release|Any CPU
		{4A232903-2FEF-46C8-983E-56DC1C2BD49D}.Debug|Any CPU.ActiveCfg = Debug|Any CPU
		{4A232903-2FEF-46C8-983E-56DC1C2BD49D}.Debug|Any CPU.Build.0 = Debug|Any CPU
		{4A232903-2FEF-46C8-983E-56DC1C2BD49D}.Release|Any CPU.ActiveCfg = Release|Any CPU
		{4A232903-2FEF-46C8-983E-56DC1C2BD49D}.Release|Any CPU.Build.0 = Release|Any CPU
		{3072D6FB-190E-4AAA-BDA8-F29A23D3209E}.Debug|Any CPU.ActiveCfg = Debug|Any CPU
		{3072D6FB-190E-4AAA-BDA8-F29A23D3209E}.Debug|Any CPU.Build.0 = Debug|Any CPU
		{3072D6FB-190E-4AAA-BDA8-F29A23D3209E}.Release|Any CPU.ActiveCfg = Release|Any CPU
		{3072D6FB-190E-4AAA-BDA8-F29A23D3209E}.Release|Any CPU.Build.0 = Release|Any CPU
		{F427D5A7-C509-4CB0-84D6-215F36471975}.Debug|Any CPU.ActiveCfg = Debug|Any CPU
		{F427D5A7-C509-4CB0-84D6-215F36471975}.Debug|Any CPU.Build.0 = Debug|Any CPU
		{F427D5A7-C509-4CB0-84D6-215F36471975}.Release|Any CPU.ActiveCfg = Release|Any CPU
		{F427D5A7-C509-4CB0-84D6-215F36471975}.Release|Any CPU.Build.0 = Release|Any CPU
	EndGlobalSection
	GlobalSection(NestedProjects) = preSolution
		{75DCF321-4326-43A1-8B3D-C8D001F60EDF} = {D7A8B1A9-1012-4474-9EC1-FA228116D3F8}
		{2149067A-222E-406E-9EBF-C161C7F043E1} = {75DCF321-4326-43A1-8B3D-C8D001F60EDF}
		{96111913-4010-4EC8-9020-35FA689E4A2C} = {75DCF321-4326-43A1-8B3D-C8D001F60EDF}
		{C2B24E0C-06F6-4162-B78E-4E69220F91DA} = {75DCF321-4326-43A1-8B3D-C8D001F60EDF}
		{71ECF87F-D86D-478F-8A1F-1F2014A06B41} = {75DCF321-4326-43A1-8B3D-C8D001F60EDF}
		{04FD3C3A-9FB1-46F8-AB7D-700B27BEA4B1} = {D7A8B1A9-1012-4474-9EC1-FA228116D3F8}
		{635BDD16-F195-4E2F-806B-CD713FE8D664} = {04FD3C3A-9FB1-46F8-AB7D-700B27BEA4B1}
		{4A232903-2FEF-46C8-983E-56DC1C2BD49D} = {04FD3C3A-9FB1-46F8-AB7D-700B27BEA4B1}
		{3072D6FB-190E-4AAA-BDA8-F29A23D3209E} = {04FD3C3A-9FB1-46F8-AB7D-700B27BEA4B1}
		{1A8F331B-1DC9-4558-B68D-F2B2AB0B9B3C} = {04FD3C3A-9FB1-46F8-AB7D-700B27BEA4B1}
		{F427D5A7-C509-4CB0-84D6-215F36471975} = {75DCF321-4326-43A1-8B3D-C8D001F60EDF}
	EndGlobalSection
EndGlobal
